// !$*UTF8*$!
{
	archiveVersion = 1;
	classes = {
	};
	objectVersion = 46;
	objects = {

/* Begin PBXBuildFile section */
		916B05291E1C746A00E54E19 /* AppDelegate.swift in Sources */ = {isa = PBXBuildFile; fileRef = 916B05281E1C746A00E54E19 /* AppDelegate.swift */; };
		916B052B1E1C746A00E54E19 /* ViewController.swift in Sources */ = {isa = PBXBuildFile; fileRef = 916B052A1E1C746A00E54E19 /* ViewController.swift */; };
		916B052E1E1C746A00E54E19 /* Main.storyboard in Resources */ = {isa = PBXBuildFile; fileRef = 916B052C1E1C746A00E54E19 /* Main.storyboard */; };
		916B05301E1C746A00E54E19 /* Assets.xcassets in Resources */ = {isa = PBXBuildFile; fileRef = 916B052F1E1C746A00E54E19 /* Assets.xcassets */; };
		916B05331E1C746A00E54E19 /* LaunchScreen.storyboard in Resources */ = {isa = PBXBuildFile; fileRef = 916B05311E1C746A00E54E19 /* LaunchScreen.storyboard */; };
		916B053B1E1C896D00E54E19 /* Model.swift in Sources */ = {isa = PBXBuildFile; fileRef = 916B053A1E1C896D00E54E19 /* Model.swift */; };
		916B05411E1CAB6000E54E19 /* click.mp3 in Resources */ = {isa = PBXBuildFile; fileRef = 916B05401E1CAB6000E54E19 /* click.mp3 */; };
/* End PBXBuildFile section */

/* Begin PBXFileReference section */
		916B05251E1C746A00E54E19 /* Beat Buddy Prototype.app */ = {isa = PBXFileReference; explicitFileType = wrapper.application; includeInIndex = 0; path = "Beat Buddy Prototype.app"; sourceTree = BUILT_PRODUCTS_DIR; };
		916B05281E1C746A00E54E19 /* AppDelegate.swift */ = {isa = PBXFileReference; lastKnownFileType = sourcecode.swift; path = AppDelegate.swift; sourceTree = "<group>"; };
		916B052A1E1C746A00E54E19 /* ViewController.swift */ = {isa = PBXFileReference; lastKnownFileType = sourcecode.swift; path = ViewController.swift; sourceTree = "<group>"; };
		916B052D1E1C746A00E54E19 /* Base */ = {isa = PBXFileReference; lastKnownFileType = file.storyboard; name = Base; path = Base.lproj/Main.storyboard; sourceTree = "<group>"; };
		916B052F1E1C746A00E54E19 /* Assets.xcassets */ = {isa = PBXFileReference; lastKnownFileType = folder.assetcatalog; path = Assets.xcassets; sourceTree = "<group>"; };
		916B05321E1C746A00E54E19 /* Base */ = {isa = PBXFileReference; lastKnownFileType = file.storyboard; name = Base; path = Base.lproj/LaunchScreen.storyboard; sourceTree = "<group>"; };
		916B05341E1C746A00E54E19 /* Info.plist */ = {isa = PBXFileReference; lastKnownFileType = text.plist.xml; path = Info.plist; sourceTree = "<group>"; };
		916B053A1E1C896D00E54E19 /* Model.swift */ = {isa = PBXFileReference; fileEncoding = 4; lastKnownFileType = sourcecode.swift; path = Model.swift; sourceTree = "<group>"; };
		916B05401E1CAB6000E54E19 /* click.mp3 */ = {isa = PBXFileReference; lastKnownFileType = audio.mp3; path = click.mp3; sourceTree = "<group>"; };
/* End PBXFileReference section */

/* Begin PBXFrameworksBuildPhase section */
		916B05221E1C746A00E54E19 /* Frameworks */ = {
			isa = PBXFrameworksBuildPhase;
			buildActionMask = 2147483647;
			files = (
			);
			runOnlyForDeploymentPostprocessing = 0;
		};
/* End PBXFrameworksBuildPhase section */

/* Begin PBXGroup section */
		916B051C1E1C746A00E54E19 = {
			isa = PBXGroup;
			children = (
				916B05271E1C746A00E54E19 /* Beat Buddy Prototype */,
				916B05261E1C746A00E54E19 /* Products */,
			);
			sourceTree = "<group>";
		};
		916B05261E1C746A00E54E19 /* Products */ = {
			isa = PBXGroup;
			children = (
				916B05251E1C746A00E54E19 /* Beat Buddy Prototype.app */,
			);
			name = Products;
			sourceTree = "<group>";
		};
		916B05271E1C746A00E54E19 /* Beat Buddy Prototype */ = {
			isa = PBXGroup;
			children = (
				916B05281E1C746A00E54E19 /* AppDelegate.swift */,
				916B052A1E1C746A00E54E19 /* ViewController.swift */,
				916B053A1E1C896D00E54E19 /* Model.swift */,
				916B052C1E1C746A00E54E19 /* Main.storyboard */,
				916B05401E1CAB6000E54E19 /* click.mp3 */,
				916B052F1E1C746A00E54E19 /* Assets.xcassets */,
				916B05311E1C746A00E54E19 /* LaunchScreen.storyboard */,
				916B05341E1C746A00E54E19 /* Info.plist */,
			);
			path = "Beat Buddy Prototype";
			sourceTree = "<group>";
		};
/* End PBXGroup section */

/* Begin PBXNativeTarget section */
		916B05241E1C746A00E54E19 /* Beat Buddy Prototype */ = {
			isa = PBXNativeTarget;
			buildConfigurationList = 916B05371E1C746A00E54E19 /* Build configuration list for PBXNativeTarget "Beat Buddy Prototype" */;
			buildPhases = (
				916B05211E1C746A00E54E19 /* Sources */,
				916B05221E1C746A00E54E19 /* Frameworks */,
				916B05231E1C746A00E54E19 /* Resources */,
			);
			buildRules = (
			);
			dependencies = (
			);
			name = "Beat Buddy Prototype";
			productName = "Beat Buddy Prototype";
			productReference = 916B05251E1C746A00E54E19 /* Beat Buddy Prototype.app */;
			productType = "com.apple.product-type.application";
		};
/* End PBXNativeTarget section */

/* Begin PBXProject section */
		916B051D1E1C746A00E54E19 /* Project object */ = {
			isa = PBXProject;
			attributes = {
				LastSwiftUpdateCheck = 0820;
				LastUpgradeCheck = 0820;
				ORGANIZATIONNAME = "Bennett Levine";
				TargetAttributes = {
					916B05241E1C746A00E54E19 = {
						CreatedOnToolsVersion = 8.2.1;
						DevelopmentTeam = ZQ4JWZXJGB;
						ProvisioningStyle = Automatic;
					};
				};
			};
			buildConfigurationList = 916B05201E1C746A00E54E19 /* Build configuration list for PBXProject "Beat Buddy Prototype" */;
			compatibilityVersion = "Xcode 3.2";
			developmentRegion = English;
			hasScannedForEncodings = 0;
			knownRegions = (
				en,
				Base,
			);
			mainGroup = 916B051C1E1C746A00E54E19;
			productRefGroup = 916B05261E1C746A00E54E19 /* Products */;
			projectDirPath = "";
			projectRoot = "";
			targets = (
				916B05241E1C746A00E54E19 /* Beat Buddy Prototype */,
			);
		};
/* End PBXProject section */

/* Begin PBXResourcesBuildPhase section */
		916B05231E1C746A00E54E19 /* Resources */ = {
			isa = PBXResourcesBuildPhase;
			buildActionMask = 2147483647;
			files = (
				916B05331E1C746A00E54E19 /* LaunchScreen.storyboard in Resources */,
				916B05411E1CAB6000E54E19 /* click.mp3 in Resources */,
				916B05301E1C746A00E54E19 /* Assets.xcassets in Resources */,
				916B052E1E1C746A00E54E19 /* Main.storyboard in Resources */,
			);
			runOnlyForDeploymentPostprocessing = 0;
		};
/* End PBXResourcesBuildPhase section */

/* Begin PBXSourcesBuildPhase section */
		916B05211E1C746A00E54E19 /* Sources */ = {
			isa = PBXSourcesBuildPhase;
			buildActionMask = 2147483647;
			files = (
				916B053B1E1C896D00E54E19 /* Model.swift in Sources */,
				916B052B1E1C746A00E54E19 /* ViewController.swift in Sources */,
				916B05291E1C746A00E54E19 /* AppDelegate.swift in Sources */,
			);
			runOnlyForDeploymentPostprocessing = 0;
		};
/* End PBXSourcesBuildPhase section */

/* Begin PBXVariantGroup section */
		916B052C1E1C746A00E54E19 /* Main.storyboard */ = {
			isa = PBXVariantGroup;
			children = (
				916B052D1E1C746A00E54E19 /* Base */,
			);
			name = Main.storyboard;
			sourceTree = "<group>";
		};
		916B05311E1C746A00E54E19 /* LaunchScreen.storyboard */ = {
			isa = PBXVariantGroup;
			children = (
				916B05321E1C746A00E54E19 /* Base */,
			);
			name = LaunchScreen.storyboard;
			sourceTree = "<group>";
		};
/* End PBXVariantGroup section */

/* Begin XCBuildConfiguration section */
		916B05351E1C746A00E54E19 /* Debug */ = {
			isa = XCBuildConfiguration;
			buildSettings = {
				ALWAYS_SEARCH_USER_PATHS = NO;
				CLANG_ANALYZER_NONNULL = YES;
				CLANG_CXX_LANGUAGE_STANDARD = "gnu++0x";
				CLANG_CXX_LIBRARY = "libc++";
				CLANG_ENABLE_MODULES = YES;
				CLANG_ENABLE_OBJC_ARC = YES;
				CLANG_WARN_BOOL_CONVERSION = YES;
				CLANG_WARN_CONSTANT_CONVERSION = YES;
				CLANG_WARN_DIRECT_OBJC_ISA_USAGE = YES_ERROR;
				CLANG_WARN_DOCUMENTATION_COMMENTS = YES;
				CLANG_WARN_EMPTY_BODY = YES;
				CLANG_WARN_ENUM_CONVERSION = YES;
				CLANG_WARN_INFINITE_RECURSION = YES;
				CLANG_WARN_INT_CONVERSION = YES;
				CLANG_WARN_OBJC_ROOT_CLASS = YES_ERROR;
				CLANG_WARN_SUSPICIOUS_MOVE = YES;
				CLANG_WARN_UNREACHABLE_CODE = YES;
				CLANG_WARN__DUPLICATE_METHOD_MATCH = YES;
				"CODE_SIGN_IDENTITY[sdk=iphoneos*]" = "iPhone Developer";
				COPY_PHASE_STRIP = NO;
				DEBUG_INFORMATION_FORMAT = dwarf;
				ENABLE_STRICT_OBJC_MSGSEND = YES;
				ENABLE_TESTABILITY = YES;
				GCC_C_LANGUAGE_STANDARD = gnu99;
				GCC_DYNAMIC_NO_PIC = NO;
				GCC_NO_COMMON_BLOCKS = YES;
				GCC_OPTIMIZATION_LEVEL = 0;
				GCC_PREPROCESSOR_DEFINITIONS = (
					"DEBUG=1",
					"$(inherited)",
				);
				GCC_WARN_64_TO_32_BIT_CONVERSION = YES;
				GCC_WARN_ABOUT_RETURN_TYPE = YES_ERROR;
				GCC_WARN_UNDECLARED_SELECTOR = YES;
				GCC_WARN_UNINITIALIZED_AUTOS = YES_AGGRESSIVE;
				GCC_WARN_UNUSED_FUNCTION = YES;
				GCC_WARN_UNUSED_VARIABLE = YES;
				IPHONEOS_DEPLOYMENT_TARGET = 10.2;
				MTL_ENABLE_DEBUG_INFO = YES;
				ONLY_ACTIVE_ARCH = YES;
				SDKROOT = iphoneos;
				SWIFT_ACTIVE_COMPILATION_CONDITIONS = DEBUG;
				SWIFT_OPTIMIZATION_LEVEL = "-Onone";
				TARGETED_DEVICE_FAMILY = "1,2";
			};
			name = Debug;
		};
		916B05361E1C746A00E54E19 /* Release */ = {
			isa = XCBuildConfiguration;
			buildSettings = {
				ALWAYS_SEARCH_USER_PATHS = NO;
				CLANG_ANALYZER_NONNULL = YES;
				CLANG_CXX_LANGUAGE_STANDARD = "gnu++0x";
				CLANG_CXX_LIBRARY = "libc++";
				CLANG_ENABLE_MODULES = YES;
				CLANG_ENABLE_OBJC_ARC = YES;
				CLANG_WARN_BOOL_CONVERSION = YES;
				CLANG_WARN_CONSTANT_CONVERSION = YES;
				CLANG_WARN_DIRECT_OBJC_ISA_USAGE = YES_ERROR;
				CLANG_WARN_DOCUMENTATION_COMMENTS = YES;
				CLANG_WARN_EMPTY_BODY = YES;
				CLANG_WARN_ENUM_CONVERSION = YES;
				CLANG_WARN_INFINITE_RECURSION = YES;
				CLANG_WARN_INT_CONVERSION = YES;
				CLANG_WARN_OBJC_ROOT_CLASS = YES_ERROR;
				CLANG_WARN_SUSPICIOUS_MOVE = YES;
				CLANG_WARN_UNREACHABLE_CODE = YES;
				CLANG_WARN__DUPLICATE_METHOD_MATCH = YES;
				"CODE_SIGN_IDENTITY[sdk=iphoneos*]" = "iPhone Developer";
				COPY_PHASE_STRIP = NO;
				DEBUG_INFORMATION_FORMAT = "dwarf-with-dsym";
				ENABLE_NS_ASSERTIONS = NO;
				ENABLE_STRICT_OBJC_MSGSEND = YES;
				GCC_C_LANGUAGE_STANDARD = gnu99;
				GCC_NO_COMMON_BLOCKS = YES;
				GCC_WARN_64_TO_32_BIT_CONVERSION = YES;
				GCC_WARN_ABOUT_RETURN_TYPE = YES_ERROR;
				GCC_WARN_UNDECLARED_SELECTOR = YES;
				GCC_WARN_UNINITIALIZED_AUTOS = YES_AGGRESSIVE;
				GCC_WARN_UNUSED_FUNCTION = YES;
				GCC_WARN_UNUSED_VARIABLE = YES;
				IPHONEOS_DEPLOYMENT_TARGET = 10.2;
				MTL_ENABLE_DEBUG_INFO = NO;
				SDKROOT = iphoneos;
				SWIFT_OPTIMIZATION_LEVEL = "-Owholemodule";
				TARGETED_DEVICE_FAMILY = "1,2";
				VALIDATE_PRODUCT = YES;
			};
			name = Release;
		};
		916B05381E1C746A00E54E19 /* Debug */ = {
			isa = XCBuildConfiguration;
			buildSettings = {
				ASSETCATALOG_COMPILER_APPICON_NAME = AppIcon;
				DEVELOPMENT_TEAM = ZQ4JWZXJGB;
				INFOPLIST_FILE = "Beat Buddy Prototype/Info.plist";
				LD_RUNPATH_SEARCH_PATHS = "$(inherited) @executable_path/Frameworks";
				PRODUCT_BUNDLE_IDENTIFIER = "Bennett-Levine.Beat-Buddy-Prototype";
				PRODUCT_NAME = "$(TARGET_NAME)";
				SWIFT_VERSION = 3.0;
			};
			name = Debug;
		};
		916B05391E1C746A00E54E19 /* Release */ = {
			isa = XCBuildConfiguration;
			buildSettings = {
				ASSETCATALOG_COMPILER_APPICON_NAME = AppIcon;
				DEVELOPMENT_TEAM = ZQ4JWZXJGB;
				INFOPLIST_FILE = "Beat Buddy Prototype/Info.plist";
				LD_RUNPATH_SEARCH_PATHS = "$(inherited) @executable_path/Frameworks";
				PRODUCT_BUNDLE_IDENTIFIER = "Bennett-Levine.Beat-Buddy-Prototype";
				PRODUCT_NAME = "$(TARGET_NAME)";
				SWIFT_VERSION = 3.0;
			};
			name = Release;
		};
/* End XCBuildConfiguration section */

/* Begin XCConfigurationList section */
		916B05201E1C746A00E54E19 /* Build configuration list for PBXProject "Beat Buddy Prototype" */ = {
			isa = XCConfigurationList;
			buildConfigurations = (
				916B05351E1C746A00E54E19 /* Debug */,
				916B05361E1C746A00E54E19 /* Release */,
			);
			defaultConfigurationIsVisible = 0;
			defaultConfigurationName = Release;
		};
		916B05371E1C746A00E54E19 /* Build configuration list for PBXNativeTarget "Beat Buddy Prototype" */ = {
			isa = XCConfigurationList;
			buildConfigurations = (
				916B05381E1C746A00E54E19 /* Debug */,
				916B05391E1C746A00E54E19 /* Release */,
			);
			defaultConfigurationIsVisible = 0;
		};
/* End XCConfigurationList section */
	};
	rootObject = 916B051D1E1C746A00E54E19 /* Project object */;
}
